
Microsoft Visual Studio Solution File, Format Version 12.00
# Visual Studio 15
VisualStudioVersion = 15.0.27130.2024
MinimumVisualStudioVersion = 10.0.40219.1
Project("{FAE04EC0-301F-11D3-BF4B-00C04F79EFBC}") = "Toolson", "Toolson\Toolson.csproj", "{D56D5DBF-9158-4A8F-9A14-39C764EAFAFA}"
EndProject
Project("{FAE04EC0-301F-11D3-BF4B-00C04F79EFBC}") = "shell", "shell\shell.csproj", "{CAE79E7C-C532-475F-ADE5-47C3FFF7B8AB}"
EndProject
Project("{F184B08F-C81C-45F6-A57F-5ABD9991F28F}") = "memowriter", "memowriter\memowriter.vbproj", "{51828BC8-E144-4431-B077-F7B81603ECEB}"
EndProject
Project("{F184B08F-C81C-45F6-A57F-5ABD9991F28F}") = "Run", "Run\Run.vbproj", "{66C48600-1DB0-41DD-89E3-A9743A4E9F82}"
EndProject
Project("{FAE04EC0-301F-11D3-BF4B-00C04F79EFBC}") = "toolson_pathservice", "toolson_pathservice\toolson_pathservice.csproj", "{252A3CD6-2D22-4BE6-92E2-214E58DE113B}"
EndProject
Project("{FAE04EC0-301F-11D3-BF4B-00C04F79EFBC}") = "Code_Debug", "Code_Debug\Code_Debug.csproj", "{02123876-5F19-4215-8BCC-FF78D989BFFF}"
EndProject
Project("{FAE04EC0-301F-11D3-BF4B-00C04F79EFBC}") = "WebBrowser", "WebBrowser\WebBrowser.csproj", "{D518DDF7-122E-4257-8331-0150BAA5BD70}"
EndProject
Project("{FAE04EC0-301F-11D3-BF4B-00C04F79EFBC}") = "TOOLSONSIGMNGSHELL", "TOOLSONSIGMNGSHELL\TOOLSONSIGMNGSHELL.csproj", "{CFA8752F-3644-4D24-B78E-8D467C0551A5}"
EndProject
Project("{FAE04EC0-301F-11D3-BF4B-00C04F79EFBC}") = "LOGGING", "LOGGING\LOGGING.csproj", "{F0F8A850-1C3E-412B-A168-A5F7CC59EA46}"
EndProject
Global
	GlobalSection(SolutionConfigurationPlatforms) = preSolution
		Debug|Any CPU = Debug|Any CPU
		Release|Any CPU = Release|Any CPU
	EndGlobalSection
	GlobalSection(ProjectConfigurationPlatforms) = postSolution
		{D56D5DBF-9158-4A8F-9A14-39C764EAFAFA}.Debug|Any CPU.ActiveCfg = Debug|Any CPU
		{D56D5DBF-9158-4A8F-9A14-39C764EAFAFA}.Debug|Any CPU.Build.0 = Debug|Any CPU
		{D56D5DBF-9158-4A8F-9A14-39C764EAFAFA}.Release|Any CPU.ActiveCfg = Release|Any CPU
		{D56D5DBF-9158-4A8F-9A14-39C764EAFAFA}.Release|Any CPU.Build.0 = Release|Any CPU
		{CAE79E7C-C532-475F-ADE5-47C3FFF7B8AB}.Debug|Any CPU.ActiveCfg = Debug|Any CPU
		{CAE79E7C-C532-475F-ADE5-47C3FFF7B8AB}.Debug|Any CPU.Build.0 = Debug|Any CPU
		{CAE79E7C-C532-475F-ADE5-47C3FFF7B8AB}.Release|Any CPU.ActiveCfg = Release|Any CPU
		{CAE79E7C-C532-475F-ADE5-47C3FFF7B8AB}.Release|Any CPU.Build.0 = Release|Any CPU
		{51828BC8-E144-4431-B077-F7B81603ECEB}.Debug|Any CPU.ActiveCfg = Debug|Any CPU
		{51828BC8-E144-4431-B077-F7B81603ECEB}.Debug|Any CPU.Build.0 = Debug|Any CPU
		{51828BC8-E144-4431-B077-F7B81603ECEB}.Release|Any CPU.ActiveCfg = Release|Any CPU
		{51828BC8-E144-4431-B077-F7B81603ECEB}.Release|Any CPU.Build.0 = Release|Any CPU
		{66C48600-1DB0-41DD-89E3-A9743A4E9F82}.Debug|Any CPU.ActiveCfg = Debug|Any CPU
		{66C48600-1DB0-41DD-89E3-A9743A4E9F82}.Debug|Any CPU.Build.0 = Debug|Any CPU
		{66C48600-1DB0-41DD-89E3-A9743A4E9F82}.Release|Any CPU.ActiveCfg = Release|Any CPU
		{66C48600-1DB0-41DD-89E3-A9743A4E9F82}.Release|Any CPU.Build.0 = Release|Any CPU
		{252A3CD6-2D22-4BE6-92E2-214E58DE113B}.Debug|Any CPU.ActiveCfg = Debug|Any CPU
		{252A3CD6-2D22-4BE6-92E2-214E58DE113B}.Debug|Any CPU.Build.0 = Debug|Any CPU
		{252A3CD6-2D22-4BE6-92E2-214E58DE113B}.Release|Any CPU.ActiveCfg = Release|Any CPU
		{252A3CD6-2D22-4BE6-92E2-214E58DE113B}.Release|Any CPU.Build.0 = Release|Any CPU
		{02123876-5F19-4215-8BCC-FF78D989BFFF}.Debug|Any CPU.ActiveCfg = Debug|Any CPU
		{02123876-5F19-4215-8BCC-FF78D989BFFF}.Debug|Any CPU.Build.0 = Debug|Any CPU
		{02123876-5F19-4215-8BCC-FF78D989BFFF}.Release|Any CPU.ActiveCfg = Release|Any CPU
		{02123876-5F19-4215-8BCC-FF78D989BFFF}.Release|Any CPU.Build.0 = Release|Any CPU
		{D518DDF7-122E-4257-8331-0150BAA5BD70}.Debug|Any CPU.ActiveCfg = Debug|Any CPU
		{D518DDF7-122E-4257-8331-0150BAA5BD70}.Debug|Any CPU.Build.0 = Debug|Any CPU
		{D518DDF7-122E-4257-8331-0150BAA5BD70}.Release|Any CPU.ActiveCfg = Release|Any CPU
		{D518DDF7-122E-4257-8331-0150BAA5BD70}.Release|Any CPU.Build.0 = Release|Any CPU
		{CFA8752F-3644-4D24-B78E-8D467C0551A5}.Debug|Any CPU.ActiveCfg = Debug|Any CPU
		{CFA8752F-3644-4D24-B78E-8D467C0551A5}.Debug|Any CPU.Build.0 = Debug|Any CPU
		{CFA8752F-3644-4D24-B78E-8D467C0551A5}.Release|Any CPU.ActiveCfg = Release|Any CPU
		{CFA8752F-3644-4D24-B78E-8D467C0551A5}.Release|Any CPU.Build.0 = Release|Any CPU
		{F0F8A850-1C3E-412B-A168-A5F7CC59EA46}.Debug|Any CPU.ActiveCfg = Debug|Any CPU
		{F0F8A850-1C3E-412B-A168-A5F7CC59EA46}.Debug|Any CPU.Build.0 = Debug|Any CPU
		{F0F8A850-1C3E-412B-A168-A5F7CC59EA46}.Release|Any CPU.ActiveCfg = Release|Any CPU
		{F0F8A850-1C3E-412B-A168-A5F7CC59EA46}.Release|Any CPU.Build.0 = Release|Any CPU
	EndGlobalSection
	GlobalSection(SolutionProperties) = preSolution
		HideSolutionNode = FALSE
	EndGlobalSection
	GlobalSection(ExtensibilityGlobals) = postSolution
		SolutionGuid = {0074DA12-76A0-47A5-AA48-7FA667C49876}
	EndGlobalSection
EndGlobal
