
Microsoft Visual Studio Solution File, Format Version 12.00
# Visual Studio 15
VisualStudioVersion = 15.0.27130.2024
MinimumVisualStudioVersion = 10.0.40219.1
Project("{FAE04EC0-301F-11D3-BF4B-00C04F79EFBC}") = "ToolonSetup", "ToolonSetup\ToolonSetup.csproj", "{F57D7B41-890A-4760-B7DA-99888EB76D47}"
EndProject
Project("{F184B08F-C81C-45F6-A57F-5ABD9991F28F}") = "LicenseInfo", "LicenseInfo\LicenseInfo.vbproj", "{C70DF03A-2053-46C8-8647-07BF1396C9C5}"
EndProject
Project("{FAE04EC0-301F-11D3-BF4B-00C04F79EFBC}") = "ProglamManager", "ProglamManager\ProglamManager.csproj", "{02BD127A-14DC-42E1-B6A9-BBABFA80B837}"
EndProject
Global
	GlobalSection(SolutionConfigurationPlatforms) = preSolution
		Debug|Any CPU = Debug|Any CPU
		Release|Any CPU = Release|Any CPU
	EndGlobalSection
	GlobalSection(ProjectConfigurationPlatforms) = postSolution
		{F57D7B41-890A-4760-B7DA-99888EB76D47}.Debug|Any CPU.ActiveCfg = Debug|Any CPU
		{F57D7B41-890A-4760-B7DA-99888EB76D47}.Debug|Any CPU.Build.0 = Debug|Any CPU
		{F57D7B41-890A-4760-B7DA-99888EB76D47}.Release|Any CPU.ActiveCfg = Release|Any CPU
		{F57D7B41-890A-4760-B7DA-99888EB76D47}.Release|Any CPU.Build.0 = Release|Any CPU
		{C70DF03A-2053-46C8-8647-07BF1396C9C5}.Debug|Any CPU.ActiveCfg = Debug|Any CPU
		{C70DF03A-2053-46C8-8647-07BF1396C9C5}.Debug|Any CPU.Build.0 = Debug|Any CPU
		{C70DF03A-2053-46C8-8647-07BF1396C9C5}.Release|Any CPU.ActiveCfg = Release|Any CPU
		{C70DF03A-2053-46C8-8647-07BF1396C9C5}.Release|Any CPU.Build.0 = Release|Any CPU
		{02BD127A-14DC-42E1-B6A9-BBABFA80B837}.Debug|Any CPU.ActiveCfg = Debug|Any CPU
		{02BD127A-14DC-42E1-B6A9-BBABFA80B837}.Debug|Any CPU.Build.0 = Debug|Any CPU
		{02BD127A-14DC-42E1-B6A9-BBABFA80B837}.Release|Any CPU.ActiveCfg = Release|Any CPU
		{02BD127A-14DC-42E1-B6A9-BBABFA80B837}.Release|Any CPU.Build.0 = Release|Any CPU
	EndGlobalSection
	GlobalSection(SolutionProperties) = preSolution
		HideSolutionNode = FALSE
	EndGlobalSection
	GlobalSection(ExtensibilityGlobals) = postSolution
		SolutionGuid = {91A6CDE5-D04A-4CBC-ADBB-6056D6D486A3}
	EndGlobalSection
EndGlobal
